
Microsoft Visual Studio Solution File, Format Version 12.00
# Visual Studio Version 17
VisualStudioVersion = 17.9.34728.123
MinimumVisualStudioVersion = 10.0.40219.1
Project("{FAE04EC0-301F-11D3-BF4B-00C04F79EFBC}") = "PRG.EVA.BlackJack", "PRG.EVA.BlackJack.csproj", "{C2C38E45-69D6-4B92-BF5F-37F7C9A4A669}"
EndProject
Global
	GlobalSection(SolutionConfigurationPlatforms) = preSolution
		Debug|Any CPU = Debug|Any CPU
		Release|Any CPU = Release|Any CPU
	EndGlobalSection
	GlobalSection(ProjectConfigurationPlatforms) = postSolution
		{C2C38E45-69D6-4B92-BF5F-37F7C9A4A669}.Debug|Any CPU.ActiveCfg = Debug|Any CPU
		{C2C38E45-69D6-4B92-BF5F-37F7C9A4A669}.Debug|Any CPU.Build.0 = Debug|Any CPU
		{C2C38E45-69D6-4B92-BF5F-37F7C9A4A669}.Release|Any CPU.ActiveCfg = Release|Any CPU
		{C2C38E45-69D6-4B92-BF5F-37F7C9A4A669}.Release|Any CPU.Build.0 = Release|Any CPU
	EndGlobalSection
	GlobalSection(SolutionProperties) = preSolution
		HideSolutionNode = FALSE
	EndGlobalSection
	GlobalSection(ExtensibilityGlobals) = postSolution
		SolutionGuid = {0747D112-1423-4E36-9661-6FDA26A58989}
	EndGlobalSection
EndGlobal
